PODS:
  - FlutterMacOS (1.0.0)
  - surrealdb (0.0.1):
    - FlutterMacOS

DEPENDENCIES:
  - FlutterMacOS (from `Flutter/ephemeral`)
  - surrealdb (from `Flutter/ephemeral/.symlinks/plugins/surrealdb/macos`)

EXTERNAL SOURCES:
  FlutterMacOS:
    :path: Flutter/ephemeral
  surrealdb:
    :path: Flutter/ephemeral/.symlinks/plugins/surrealdb/macos

SPEC CHECKSUMS:
  FlutterMacOS: 8f6f14fa908a6fb3fba0cd85dbd81ec4b251fb24
  surrealdb: ffe4a7f202630726d4fcdc908c5a105a25926626

PODFILE CHECKSUM: 236401fc2c932af29a9fcf0e97baeeb2d750d367

COCOAPODS: 1.15.2
